Microsoft Visual Studio Solution File, Format Version 12.00
# Visual Studio 2012
Project("{FAE04EC0-301F-11D3-BF4B-00C04F79EFBC}") = "Godot-Project", "Godot-Project.csproj", "{F94C3FF6-DD84-4B34-AFB8-6CC8E3F4327A}"
EndProject
Global
	GlobalSection(SolutionConfigurationPlatforms) = preSolution
	Debug|Any CPU = Debug|Any CPU
	ExportDebug|Any CPU = ExportDebug|Any CPU
	ExportRelease|Any CPU = ExportRelease|Any CPU
	EndGlobalSection
	GlobalSection(ProjectConfigurationPlatforms) = postSolution
		{F94C3FF6-DD84-4B34-AFB8-6CC8E3F4327A}.Debug|Any CPU.ActiveCfg = Debug|Any CPU
		{F94C3FF6-DD84-4B34-AFB8-6CC8E3F4327A}.Debug|Any CPU.Build.0 = Debug|Any CPU
		{F94C3FF6-DD84-4B34-AFB8-6CC8E3F4327A}.ExportDebug|Any CPU.ActiveCfg = ExportDebug|Any CPU
		{F94C3FF6-DD84-4B34-AFB8-6CC8E3F4327A}.ExportDebug|Any CPU.Build.0 = ExportDebug|Any CPU
		{F94C3FF6-DD84-4B34-AFB8-6CC8E3F4327A}.ExportRelease|Any CPU.ActiveCfg = ExportRelease|Any CPU
		{F94C3FF6-DD84-4B34-AFB8-6CC8E3F4327A}.ExportRelease|Any CPU.Build.0 = ExportRelease|Any CPU
	EndGlobalSection
EndGlobal
